{
    "version": 3,
    "terraform_version": "0.10.3",
    "serial": 10,
    "lineage": "5cc99475-b957-4d41-854d-295557010f06",
    "modules": [
        {
            "path": [
                "root"
            ],
            "outputs": {
                "aws_instance_public_dns": {
                    "sensitive": false,
                    "type": "string",
                    "value": "ec2-34-214-77-220.us-west-2.compute.amazonaws.com"
                }
            },
            "resources": {
                "aws_instance.nginx": {
                    "type": "aws_instance",
                    "depends_on": [
                        "aws_security_group.nginx-sg"
                    ],
                    "primary": {
                        "id": "i-0f4f3da7a5fd9eb65",
                        "attributes": {
                            "ami": "ami-aa5ebdd2",
                            "associate_public_ip_address": "true",
                            "availability_zone": "us-west-2a",
                            "disable_api_termination": "false",
                            "ebs_block_device.#": "0",
                            "ebs_optimized": "false",
                            "ephemeral_block_device.#": "0",
                            "iam_instance_profile": "",
                            "id": "i-0f4f3da7a5fd9eb65",
                            "instance_state": "running",
                            "instance_type": "t2.micro",
                            "ipv6_addresses.#": "0",
                            "key_name": "devops17",
                            "monitoring": "false",
                            "network_interface.#": "0",
                            "network_interface_id": "eni-89ceb7b8",
                            "primary_network_interface_id": "eni-89ceb7b8",
                            "private_dns": "ip-172-31-36-96.us-west-2.compute.internal",
                            "private_ip": "172.31.36.96",
                            "public_dns": "ec2-34-214-77-220.us-west-2.compute.amazonaws.com",
                            "public_ip": "34.214.77.220",
                            "root_block_device.#": "1",
                            "root_block_device.0.delete_on_termination": "true",
                            "root_block_device.0.iops": "100",
                            "root_block_device.0.volume_size": "8",
                            "root_block_device.0.volume_type": "gp2",
                            "security_groups.#": "0",
                            "source_dest_check": "true",
                            "subnet_id": "subnet-d6d8e09f",
                            "tags.%": "0",
                            "tenancy": "default",
                            "volume_tags.%": "0",
                            "vpc_security_group_ids.#": "1",
                            "vpc_security_group_ids.821692321": "sg-6bb35e16"
                        },
                        "meta": {
                            "e2bfb730-ecaa-11e6-8f88-34363bc7c4c0": {
                                "create": 600000000000,
                                "delete": 600000000000,
                                "update": 600000000000
                            },
                            "schema_version": "1"
                        },
                        "tainted": false
                    },
                    "deposed": [],
                    "provider": ""
                },
                "aws_security_group.nginx-sg": {
                    "type": "aws_security_group",
                    "depends_on": [],
                    "primary": {
                        "id": "sg-6bb35e16",
                        "attributes": {
                            "description": "security group for nginx",
                            "egress.#": "1",
                            "egress.3295201349.cidr_blocks.#": "1",
                            "egress.3295201349.cidr_blocks.0": "0.0.0.0/0",
                            "egress.3295201349.from_port": "0",
                            "egress.3295201349.ipv6_cidr_blocks.#": "0",
                            "egress.3295201349.prefix_list_ids.#": "0",
                            "egress.3295201349.protocol": "0",
                            "egress.3295201349.security_groups.#": "0",
                            "egress.3295201349.self": "false",
                            "egress.3295201349.to_port": "0",
                            "id": "sg-6bb35e16",
                            "ingress.#": "2",
                            "ingress.2214680975.cidr_blocks.#": "1",
                            "ingress.2214680975.cidr_blocks.0": "0.0.0.0/0",
                            "ingress.2214680975.from_port": "80",
                            "ingress.2214680975.ipv6_cidr_blocks.#": "0",
                            "ingress.2214680975.protocol": "tcp",
                            "ingress.2214680975.security_groups.#": "0",
                            "ingress.2214680975.self": "false",
                            "ingress.2214680975.to_port": "80",
                            "ingress.2541437006.cidr_blocks.#": "1",
                            "ingress.2541437006.cidr_blocks.0": "0.0.0.0/0",
                            "ingress.2541437006.from_port": "22",
                            "ingress.2541437006.ipv6_cidr_blocks.#": "0",
                            "ingress.2541437006.protocol": "tcp",
                            "ingress.2541437006.security_groups.#": "0",
                            "ingress.2541437006.self": "false",
                            "ingress.2541437006.to_port": "22",
                            "name": "nginx-sg",
                            "owner_id": "577728208525",
                            "tags.%": "0",
                            "vpc_id": "vpc-0406d262"
                        },
                        "meta": {},
                        "tainted": false
                    },
                    "deposed": [],
                    "provider": ""
                },
                "local_file.myfile": {
                    "type": "local_file",
                    "depends_on": [],
                    "primary": {
                        "id": "0bde5f46b6fe90f76598a7d411155aeda54bbc80",
                        "attributes": {
                            "content": "this is creating instatant",
                            "filename": "/etc/mylocal",
                            "id": "0bde5f46b6fe90f76598a7d411155aeda54bbc80"
                        },
                        "meta": {},
                        "tainted": false
                    },
                    "deposed": [],
                    "provider": ""
                }
            },
            "depends_on": []
        }
    ]
}
