{
    "version": 3,
    "terraform_version": "0.10.3",
    "serial": 6,
    "lineage": "5cc99475-b957-4d41-854d-295557010f06",
    "modules": [
        {
            "path": [
                "root"
            ],
            "outputs": {
                "aws_instance_public_dns": {
                    "sensitive": false,
                    "type": "string",
                    "value": "ec2-52-33-32-5.us-west-2.compute.amazonaws.com"
                }
            },
            "resources": {
                "aws_instance.nginx": {
                    "type": "aws_instance",
                    "depends_on": [],
                    "primary": {
                        "id": "i-08b5d1535c2221623",
                        "attributes": {
                            "ami": "ami-aa5ebdd2",
                            "associate_public_ip_address": "true",
                            "availability_zone": "us-west-2a",
                            "disable_api_termination": "false",
                            "ebs_block_device.#": "0",
                            "ebs_optimized": "false",
                            "ephemeral_block_device.#": "0",
                            "iam_instance_profile": "",
                            "id": "i-08b5d1535c2221623",
                            "instance_state": "running",
                            "instance_type": "t2.micro",
                            "ipv6_addresses.#": "0",
                            "key_name": "devops17",
                            "monitoring": "false",
                            "network_interface.#": "0",
                            "network_interface_id": "eni-bde27d8c",
                            "primary_network_interface_id": "eni-bde27d8c",
                            "private_dns": "ip-172-31-38-24.us-west-2.compute.internal",
                            "private_ip": "172.31.38.24",
                            "public_dns": "ec2-52-33-32-5.us-west-2.compute.amazonaws.com",
                            "public_ip": "52.33.32.5",
                            "root_block_device.#": "1",
                            "root_block_device.0.delete_on_termination": "true",
                            "root_block_device.0.iops": "100",
                            "root_block_device.0.volume_size": "8",
                            "root_block_device.0.volume_type": "gp2",
                            "security_groups.#": "0",
                            "source_dest_check": "true",
                            "subnet_id": "subnet-d6d8e09f",
                            "tags.%": "0",
                            "tenancy": "default",
                            "volume_tags.%": "0",
                            "vpc_security_group_ids.#": "1",
                            "vpc_security_group_ids.2199741244": "sg-e905b293"
                        },
                        "meta": {
                            "e2bfb730-ecaa-11e6-8f88-34363bc7c4c0": {
                                "create": 600000000000,
                                "delete": 600000000000,
                                "update": 600000000000
                            },
                            "schema_version": "1"
                        },
                        "tainted": true
                    },
                    "deposed": [],
                    "provider": ""
                },
                "local_file.myfile": {
                    "type": "local_file",
                    "depends_on": [],
                    "primary": {
                        "id": "d50da64cd17328a9e429313fe52dd377da8c1b6e",
                        "attributes": {
                            "content": "thsi is creating instatant",
                            "filename": "/etc/mylocal",
                            "id": "d50da64cd17328a9e429313fe52dd377da8c1b6e"
                        },
                        "meta": {},
                        "tainted": false
                    },
                    "deposed": [],
                    "provider": ""
                }
            },
            "depends_on": []
        }
    ]
}
